
Microsoft Visual Studio Solution File, Format Version 12.00
# Visual Studio Version 17
VisualStudioVersion = 17.6.33723.286
MinimumVisualStudioVersion = 10.0.40219.1
Project("{FAE04EC0-301F-11D3-BF4B-00C04F79EFBC}") = "MapCleaner", "MapCleaner.csproj", "{7A6F3869-EC5A-47E7-BE33-226DF9E31F64}"
EndProject
Global
	GlobalSection(SolutionConfigurationPlatforms) = preSolution
		Debug|Any CPU = Debug|Any CPU
		Release|Any CPU = Release|Any CPU
	EndGlobalSection
	GlobalSection(ProjectConfigurationPlatforms) = postSolution
		{7A6F3869-EC5A-47E7-BE33-226DF9E31F64}.Debug|Any CPU.ActiveCfg = Debug|Any CPU
		{7A6F3869-EC5A-47E7-BE33-226DF9E31F64}.Debug|Any CPU.Build.0 = Debug|Any CPU
		{7A6F3869-EC5A-47E7-BE33-226DF9E31F64}.Release|Any CPU.ActiveCfg = Release|Any CPU
		{7A6F3869-EC5A-47E7-BE33-226DF9E31F64}.Release|Any CPU.Build.0 = Release|Any CPU
	EndGlobalSection
	GlobalSection(SolutionProperties) = preSolution
		HideSolutionNode = FALSE
	EndGlobalSection
	GlobalSection(ExtensibilityGlobals) = postSolution
		SolutionGuid = {6121D90B-5DEF-44BF-B91A-152459D9FA97}
	EndGlobalSection
EndGlobal
